
Microsoft Visual Studio Solution File, Format Version 12.00
# Visual Studio Version 16
VisualStudioVersion = 16.0.30517.126
MinimumVisualStudioVersion = 10.0.40219.1
Project("{FAE04EC0-301F-11D3-BF4B-00C04F79EFBC}") = "OnboardingProject", "OnboardingProject.csproj", "{A16E49B5-0E01-467F-A502-B126860E2D45}"
EndProject
Global
	GlobalSection(SolutionConfigurationPlatforms) = preSolution
		Debug|Any CPU = Debug|Any CPU
		Release|Any CPU = Release|Any CPU
	EndGlobalSection
	GlobalSection(ProjectConfigurationPlatforms) = postSolution
		{A16E49B5-0E01-467F-A502-B126860E2D45}.Debug|Any CPU.ActiveCfg = Debug|Any CPU
		{A16E49B5-0E01-467F-A502-B126860E2D45}.Debug|Any CPU.Build.0 = Debug|Any CPU
		{A16E49B5-0E01-467F-A502-B126860E2D45}.Release|Any CPU.ActiveCfg = Release|Any CPU
		{A16E49B5-0E01-467F-A502-B126860E2D45}.Release|Any CPU.Build.0 = Release|Any CPU
	EndGlobalSection
	GlobalSection(SolutionProperties) = preSolution
		HideSolutionNode = FALSE
	EndGlobalSection
	GlobalSection(ExtensibilityGlobals) = postSolution
		SolutionGuid = {184C04C4-3293-4B38-AC5D-31BBFD56378B}
	EndGlobalSection
EndGlobal
